
Microsoft Visual Studio Solution File, Format Version 12.00
# Visual Studio Version 16
VisualStudioVersion = 16.0.31402.337
MinimumVisualStudioVersion = 10.0.40219.1
Project("{FAE04EC0-301F-11D3-BF4B-00C04F79EFBC}") = "CSharp2Game", "CSharp2Game\CSharp2Game.csproj", "{D7571148-4BA3-43AC-8E84-75ED9B08F102}"
EndProject
Global
	GlobalSection(SolutionConfigurationPlatforms) = preSolution
		Debug|Any CPU = Debug|Any CPU
		Release|Any CPU = Release|Any CPU
	EndGlobalSection
	GlobalSection(ProjectConfigurationPlatforms) = postSolution
		{D7571148-4BA3-43AC-8E84-75ED9B08F102}.Debug|Any CPU.ActiveCfg = Debug|Any CPU
		{D7571148-4BA3-43AC-8E84-75ED9B08F102}.Debug|Any CPU.Build.0 = Debug|Any CPU
		{D7571148-4BA3-43AC-8E84-75ED9B08F102}.Release|Any CPU.ActiveCfg = Release|Any CPU
		{D7571148-4BA3-43AC-8E84-75ED9B08F102}.Release|Any CPU.Build.0 = Release|Any CPU
	EndGlobalSection
	GlobalSection(SolutionProperties) = preSolution
		HideSolutionNode = FALSE
	EndGlobalSection
	GlobalSection(ExtensibilityGlobals) = postSolution
		SolutionGuid = {81A4DF32-1DE1-4FA3-AC12-CF5B0C86753D}
	EndGlobalSection
EndGlobal
